
Microsoft Visual Studio Solution File, Format Version 12.00
# Visual Studio Version 17
VisualStudioVersion = 17.5.002.0
MinimumVisualStudioVersion = 10.0.40219.1
Project("{9A19103F-16F7-4668-BE54-9A1E7A4F7556}") = "Task1", "Task1\Task1.csproj", "{9F5A8611-C256-4E29-9FE8-80F4203E97F8}"
EndProject
Global
	GlobalSection(SolutionConfigurationPlatforms) = preSolution
		Debug|Any CPU = Debug|Any CPU
		Release|Any CPU = Release|Any CPU
	EndGlobalSection
	GlobalSection(ProjectConfigurationPlatforms) = postSolution
		{9F5A8611-C256-4E29-9FE8-80F4203E97F8}.Debug|Any CPU.ActiveCfg = Debug|Any CPU
		{9F5A8611-C256-4E29-9FE8-80F4203E97F8}.Debug|Any CPU.Build.0 = Debug|Any CPU
		{9F5A8611-C256-4E29-9FE8-80F4203E97F8}.Release|Any CPU.ActiveCfg = Release|Any CPU
		{9F5A8611-C256-4E29-9FE8-80F4203E97F8}.Release|Any CPU.Build.0 = Release|Any CPU
	EndGlobalSection
	GlobalSection(SolutionProperties) = preSolution
		HideSolutionNode = FALSE
	EndGlobalSection
	GlobalSection(ExtensibilityGlobals) = postSolution
		SolutionGuid = {4027918A-1637-4F95-BCA1-1E9C8E6434F5}
	EndGlobalSection
EndGlobal
